
Microsoft Visual Studio Solution File, Format Version 12.00
# Visual Studio Version 17
VisualStudioVersion = 17.0.31903.59
MinimumVisualStudioVersion = 10.0.40219.1
Project("{FAE04EC0-301F-11D3-BF4B-00C04F79EFBC}") = "StatsCanProveAnything", "StatsCanProveAnything\StatsCanProveAnything.csproj", "{4F05044B-6C3D-4487-A1C8-56B208A34C52}"
EndProject
Project("{FAE04EC0-301F-11D3-BF4B-00C04F79EFBC}") = "Tests", "Tests\Tests.csproj", "{5D05CACE-23AB-48D9-8944-E888333EB70F}"
EndProject
Global
	GlobalSection(SolutionConfigurationPlatforms) = preSolution
		Debug|Any CPU = Debug|Any CPU
		Release|Any CPU = Release|Any CPU
	EndGlobalSection
	GlobalSection(SolutionProperties) = preSolution
		HideSolutionNode = FALSE
	EndGlobalSection
	GlobalSection(ProjectConfigurationPlatforms) = postSolution
		{4F05044B-6C3D-4487-A1C8-56B208A34C52}.Debug|Any CPU.ActiveCfg = Debug|Any CPU
		{4F05044B-6C3D-4487-A1C8-56B208A34C52}.Debug|Any CPU.Build.0 = Debug|Any CPU
		{4F05044B-6C3D-4487-A1C8-56B208A34C52}.Release|Any CPU.ActiveCfg = Release|Any CPU
		{4F05044B-6C3D-4487-A1C8-56B208A34C52}.Release|Any CPU.Build.0 = Release|Any CPU
		{5D05CACE-23AB-48D9-8944-E888333EB70F}.Debug|Any CPU.ActiveCfg = Debug|Any CPU
		{5D05CACE-23AB-48D9-8944-E888333EB70F}.Debug|Any CPU.Build.0 = Debug|Any CPU
		{5D05CACE-23AB-48D9-8944-E888333EB70F}.Release|Any CPU.ActiveCfg = Release|Any CPU
		{5D05CACE-23AB-48D9-8944-E888333EB70F}.Release|Any CPU.Build.0 = Release|Any CPU
	EndGlobalSection
EndGlobal
